
Microsoft Visual Studio Solution File, Format Version 12.00
# Visual Studio Version 17
VisualStudioVersion = 17.3.32929.385
MinimumVisualStudioVersion = 10.0.40219.1
Project("{FAE04EC0-301F-11D3-BF4B-00C04F79EFBC}") = "LCPDesarrollos", "LCPDesarrollos\LCPDesarrollos.csproj", "{DB905A05-E5FB-4AC3-8389-A056A79D07C0}"
EndProject
Global
	GlobalSection(SolutionConfigurationPlatforms) = preSolution
		Debug|Any CPU = Debug|Any CPU
		Release|Any CPU = Release|Any CPU
	EndGlobalSection
	GlobalSection(ProjectConfigurationPlatforms) = postSolution
		{DB905A05-E5FB-4AC3-8389-A056A79D07C0}.Debug|Any CPU.ActiveCfg = Debug|Any CPU
		{DB905A05-E5FB-4AC3-8389-A056A79D07C0}.Debug|Any CPU.Build.0 = Debug|Any CPU
		{DB905A05-E5FB-4AC3-8389-A056A79D07C0}.Release|Any CPU.ActiveCfg = Release|Any CPU
		{DB905A05-E5FB-4AC3-8389-A056A79D07C0}.Release|Any CPU.Build.0 = Release|Any CPU
	EndGlobalSection
	GlobalSection(SolutionProperties) = preSolution
		HideSolutionNode = FALSE
	EndGlobalSection
	GlobalSection(ExtensibilityGlobals) = postSolution
		SolutionGuid = {A03021F3-7BDE-4D34-A36B-7AFB3C17CDA4}
	EndGlobalSection
EndGlobal
